{
  "nodes": {
    "flake-parts": {
      "inputs": {
        "nixpkgs-lib": "nixpkgs-lib"
      },
      "locked": {
        "lastModified": 1763759067,
        "narHash": "sha256-LlLt2Jo/gMNYAwOgdRQBrsRoOz7BPRkzvNaI/fzXi2Q=",
        "owner": "hercules-ci",
        "repo": "flake-parts",
        "rev": "2cccadc7357c0ba201788ae99c4dfa90728ef5e0",
        "type": "github"
      },
      "original": {
        "owner": "hercules-ci",
        "repo": "flake-parts",
        "type": "github"
      }
    },
    "flake-parts_2": {
      "inputs": {
        "nixpkgs-lib": [
          "nixvim",
          "nixpkgs"
        ]
      },
      "locked": {
        "lastModified": 1763759067,
        "narHash": "sha256-LlLt2Jo/gMNYAwOgdRQBrsRoOz7BPRkzvNaI/fzXi2Q=",
        "owner": "hercules-ci",
        "repo": "flake-parts",
        "rev": "2cccadc7357c0ba201788ae99c4dfa90728ef5e0",
        "type": "github"
      },
      "original": {
        "owner": "hercules-ci",
        "repo": "flake-parts",
        "type": "github"
      }
    },
    "nixpkgs": {
      "locked": {
        "lastModified": 1764947035,
        "narHash": "sha256-EYHSjVM4Ox4lvCXUMiKKs2vETUSL5mx+J2FfutM7T9w=",
        "owner": "nixos",
        "repo": "nixpkgs",
        "rev": "a672be65651c80d3f592a89b3945466584a22069",
        "type": "github"
      },
      "original": {
        "owner": "nixos",
        "ref": "nixpkgs-unstable",
        "repo": "nixpkgs",
        "type": "github"
      }
    },
    "nixpkgs-lib": {
      "locked": {
        "lastModified": 1761765539,
        "narHash": "sha256-b0yj6kfvO8ApcSE+QmA6mUfu8IYG6/uU28OFn4PaC8M=",
        "owner": "nix-community",
        "repo": "nixpkgs.lib",
        "rev": "719359f4562934ae99f5443f20aa06c2ffff91fc",
        "type": "github"
      },
      "original": {
        "owner": "nix-community",
        "repo": "nixpkgs.lib",
        "type": "github"
      }
    },
    "nixpkgs_2": {
      "locked": {
        "lastModified": 1764947035,
        "narHash": "sha256-EYHSjVM4Ox4lvCXUMiKKs2vETUSL5mx+J2FfutM7T9w=",
        "owner": "NixOS",
        "repo": "nixpkgs",
        "rev": "a672be65651c80d3f592a89b3945466584a22069",
        "type": "github"
      },
      "original": {
        "owner": "NixOS",
        "ref": "nixpkgs-unstable",
        "repo": "nixpkgs",
        "type": "github"
      }
    },
    "nixvim": {
      "inputs": {
        "flake-parts": "flake-parts_2",
        "nixpkgs": "nixpkgs_2",
        "systems": "systems"
      },
      "locked": {
        "lastModified": 1765115924,
        "narHash": "sha256-taZc/QD5DeZkXsyl+AJiS2Q5Z8EXJPzZz98uWfdXvvs=",
        "owner": "nix-community",
        "repo": "nixvim",
        "rev": "cd0443e166c1cd35283e9be0ce3fc2966456bc5a",
        "type": "github"
      },
      "original": {
        "owner": "nix-community",
        "repo": "nixvim",
        "type": "github"
      }
    },
    "project-picker-nvim": {
      "flake": false,
      "locked": {
        "lastModified": 1765418645,
        "narHash": "sha256-68GL+w6btXtup7gIlKBAFih7v68SRmyGbafs4uW8Fyk=",
        "owner": "simonwjackson",
        "repo": "project-picker.nvim",
        "rev": "9dd74611da8e845c483d79e1388ec7c2b3a5ed3c",
        "type": "github"
      },
      "original": {
        "owner": "simonwjackson",
        "repo": "project-picker.nvim",
        "type": "github"
      }
    },
    "resession-nvim": {
      "flake": false,
      "locked": {
        "lastModified": 1762326008,
        "narHash": "sha256-7Wa3PwTWEueRkhKBhOMbvstT5vFj2sxyiHoJOrdcJAc=",
        "owner": "stevearc",
        "repo": "resession.nvim",
        "rev": "05adc14db5c2d0eae064765101dd5e9c594c7851",
        "type": "github"
      },
      "original": {
        "owner": "stevearc",
        "repo": "resession.nvim",
        "type": "github"
      }
    },
    "root": {
      "inputs": {
        "flake-parts": "flake-parts",
        "nixpkgs": "nixpkgs",
        "nixvim": "nixvim",
        "project-picker-nvim": "project-picker-nvim",
        "resession-nvim": "resession-nvim",
        "vim-overseer": "vim-overseer"
      }
    },
    "systems": {
      "locked": {
        "lastModified": 1681028828,
        "narHash": "sha256-Vy1rq5AaRuLzOxct8nz4T6wlgyUR7zLU309k9mBC768=",
        "owner": "nix-systems",
        "repo": "default",
        "rev": "da67096a3b9bf56a91d16901293e51ba5b49a27e",
        "type": "github"
      },
      "original": {
        "owner": "nix-systems",
        "repo": "default",
        "type": "github"
      }
    },
    "vim-overseer": {
      "flake": false,
      "locked": {
        "lastModified": 1748620485,
        "narHash": "sha256-28rqYJ0bKAl0WCqzhoKtCt7+KaAUyvqWnVVl0fXIhAQ=",
        "owner": "simonwjackson",
        "repo": "overseer.nvim",
        "rev": "1edf3c0ed3f231a611ed5af1f9357532ef67d6e2",
        "type": "github"
      },
      "original": {
        "owner": "simonwjackson",
        "ref": "custom",
        "repo": "overseer.nvim",
        "type": "github"
      }
    }
  },
  "root": "root",
  "version": 7
}
